// !$*UTF8*$!
{
	archiveVersion = 1;
	classes = {
	};
	objectVersion = 46;
	objects = {

/* Begin PBXBuildFile section */
		9E468F131B298D87004E6366 /* AppDelegate.swift in Sources */ = {isa = PBXBuildFile; fileRef = 9E468F121B298D87004E6366 /* AppDelegate.swift */; };
		9E468F151B298D87004E6366 /* ViewController.swift in Sources */ = {isa = PBXBuildFile; fileRef = 9E468F141B298D87004E6366 /* ViewController.swift */; };
		9E468F181B298D87004E6366 /* Main.storyboard in Resources */ = {isa = PBXBuildFile; fileRef = 9E468F161B298D87004E6366 /* Main.storyboard */; };
		9E468F1A1B298D87004E6366 /* Images.xcassets in Resources */ = {isa = PBXBuildFile; fileRef = 9E468F191B298D87004E6366 /* Images.xcassets */; };
		9E468F1D1B298D87004E6366 /* LaunchScreen.xib in Resources */ = {isa = PBXBuildFile; fileRef = 9E468F1B1B298D87004E6366 /* LaunchScreen.xib */; };
		9E468F291B298D87004E6366 /* TableViewTestTests.swift in Sources */ = {isa = PBXBuildFile; fileRef = 9E468F281B298D87004E6366 /* TableViewTestTests.swift */; };
/* End PBXBuildFile section */

/* Begin PBXContainerItemProxy section */
		9E468F231B298D87004E6366 /* PBXContainerItemProxy */ = {
			isa = PBXContainerItemProxy;
			containerPortal = 9E468F051B298D87004E6366 /* Project object */;
			proxyType = 1;
			remoteGlobalIDString = 9E468F0C1B298D87004E6366;
			remoteInfo = TableViewTest;
		};
/* End PBXContainerItemProxy section */

/* Begin PBXFileReference section */
		9E468F0D1B298D87004E6366 /* TableViewTest.app */ = {isa = PBXFileReference; explicitFileType = wrapper.application; includeInIndex = 0; path = TableViewTest.app; sourceTree = BUILT_PRODUCTS_DIR; };
		9E468F111B298D87004E6366 /* Info.plist */ = {isa = PBXFileReference; lastKnownFileType = text.plist.xml; path = Info.plist; sourceTree = "<group>"; };
		9E468F121B298D87004E6366 /* AppDelegate.swift */ = {isa = PBXFileReference; lastKnownFileType = sourcecode.swift; path = AppDelegate.swift; sourceTree = "<group>"; };
		9E468F141B298D87004E6366 /* ViewController.swift */ = {isa = PBXFileReference; lastKnownFileType = sourcecode.swift; path = ViewController.swift; sourceTree = "<group>"; };
		9E468F171B298D87004E6366 /* Base */ = {isa = PBXFileReference; lastKnownFileType = file.storyboard; name = Base; path = Base.lproj/Main.storyboard; sourceTree = "<group>"; };
		9E468F191B298D87004E6366 /* Images.xcassets */ = {isa = PBXFileReference; lastKnownFileType = folder.assetcatalog; path = Images.xcassets; sourceTree = "<group>"; };
		9E468F1C1B298D87004E6366 /* Base */ = {isa = PBXFileReference; lastKnownFileType = file.xib; name = Base; path = Base.lproj/LaunchScreen.xib; sourceTree = "<group>"; };
		9E468F221B298D87004E6366 /* TableViewTestTests.xctest */ = {isa = PBXFileReference; explicitFileType = wrapper.cfbundle; includeInIndex = 0; path = TableViewTestTests.xctest; sourceTree = BUILT_PRODUCTS_DIR; };
		9E468F271B298D87004E6366 /* Info.plist */ = {isa = PBXFileReference; lastKnownFileType = text.plist.xml; path = Info.plist; sourceTree = "<group>"; };
		9E468F281B298D87004E6366 /* TableViewTestTests.swift */ = {isa = PBXFileReference; lastKnownFileType = sourcecode.swift; path = TableViewTestTests.swift; sourceTree = "<group>"; };
/* End PBXFileReference section */

/* Begin PBXFrameworksBuildPhase section */
		9E468F0A1B298D87004E6366 /* Frameworks */ = {
			isa = PBXFrameworksBuildPhase;
			buildActionMask = 2147483647;
			files = (
			);
			runOnlyForDeploymentPostprocessing = 0;
		};
		9E468F1F1B298D87004E6366 /* Frameworks */ = {
			isa = PBXFrameworksBuildPhase;
			buildActionMask = 2147483647;
			files = (
			);
			runOnlyForDeploymentPostprocessing = 0;
		};
/* End PBXFrameworksBuildPhase section */

/* Begin PBXGroup section */
		9E468F041B298D87004E6366 = {
			isa = PBXGroup;
			children = (
				9E468F0F1B298D87004E6366 /* TableViewTest */,
				9E468F251B298D87004E6366 /* TableViewTestTests */,
				9E468F0E1B298D87004E6366 /* Products */,
			);
			sourceTree = "<group>";
		};
		9E468F0E1B298D87004E6366 /* Products */ = {
			isa = PBXGroup;
			children = (
				9E468F0D1B298D87004E6366 /* TableViewTest.app */,
				9E468F221B298D87004E6366 /* TableViewTestTests.xctest */,
			);
			name = Products;
			sourceTree = "<group>";
		};
		9E468F0F1B298D87004E6366 /* TableViewTest */ = {
			isa = PBXGroup;
			children = (
				9E468F121B298D87004E6366 /* AppDelegate.swift */,
				9E468F141B298D87004E6366 /* ViewController.swift */,
				9E468F161B298D87004E6366 /* Main.storyboard */,
				9E468F191B298D87004E6366 /* Images.xcassets */,
				9E468F1B1B298D87004E6366 /* LaunchScreen.xib */,
				9E468F101B298D87004E6366 /* Supporting Files */,
			);
			path = TableViewTest;
			sourceTree = "<group>";
		};
		9E468F101B298D87004E6366 /* Supporting Files */ = {
			isa = PBXGroup;
			children = (
				9E468F111B298D87004E6366 /* Info.plist */,
			);
			name = "Supporting Files";
			sourceTree = "<group>";
		};
		9E468F251B298D87004E6366 /* TableViewTestTests */ = {
			isa = PBXGroup;
			children = (
				9E468F281B298D87004E6366 /* TableViewTestTests.swift */,
				9E468F261B298D87004E6366 /* Supporting Files */,
			);
			path = TableViewTestTests;
			sourceTree = "<group>";
		};
		9E468F261B298D87004E6366 /* Supporting Files */ = {
			isa = PBXGroup;
			children = (
				9E468F271B298D87004E6366 /* Info.plist */,
			);
			name = "Supporting Files";
			sourceTree = "<group>";
		};
/* End PBXGroup section */

/* Begin PBXNativeTarget section */
		9E468F0C1B298D87004E6366 /* TableViewTest */ = {
			isa = PBXNativeTarget;
			buildConfigurationList = 9E468F2C1B298D87004E6366 /* Build configuration list for PBXNativeTarget "TableViewTest" */;
			buildPhases = (
				9E468F091B298D87004E6366 /* Sources */,
				9E468F0A1B298D87004E6366 /* Frameworks */,
				9E468F0B1B298D87004E6366 /* Resources */,
			);
			buildRules = (
			);
			dependencies = (
			);
			name = TableViewTest;
			productName = TableViewTest;
			productReference = 9E468F0D1B298D87004E6366 /* TableViewTest.app */;
			productType = "com.apple.product-type.application";
		};
		9E468F211B298D87004E6366 /* TableViewTestTests */ = {
			isa = PBXNativeTarget;
			buildConfigurationList = 9E468F2F1B298D87004E6366 /* Build configuration list for PBXNativeTarget "TableViewTestTests" */;
			buildPhases = (
				9E468F1E1B298D87004E6366 /* Sources */,
				9E468F1F1B298D87004E6366 /* Frameworks */,
				9E468F201B298D87004E6366 /* Resources */,
			);
			buildRules = (
			);
			dependencies = (
				9E468F241B298D87004E6366 /* PBXTargetDependency */,
			);
			name = TableViewTestTests;
			productName = TableViewTestTests;
			productReference = 9E468F221B298D87004E6366 /* TableViewTestTests.xctest */;
			productType = "com.apple.product-type.bundle.unit-test";
		};
/* End PBXNativeTarget section */

/* Begin PBXProject section */
		9E468F051B298D87004E6366 /* Project object */ = {
			isa = PBXProject;
			attributes = {
				LastUpgradeCheck = 0630;
				ORGANIZATIONNAME = "Masaki Sueda";
				TargetAttributes = {
					9E468F0C1B298D87004E6366 = {
						CreatedOnToolsVersion = 6.3;
					};
					9E468F211B298D87004E6366 = {
						CreatedOnToolsVersion = 6.3;
						TestTargetID = 9E468F0C1B298D87004E6366;
					};
				};
			};
			buildConfigurationList = 9E468F081B298D87004E6366 /* Build configuration list for PBXProject "TableViewTest" */;
			compatibilityVersion = "Xcode 3.2";
			developmentRegion = English;
			hasScannedForEncodings = 0;
			knownRegions = (
				en,
				Base,
			);
			mainGroup = 9E468F041B298D87004E6366;
			productRefGroup = 9E468F0E1B298D87004E6366 /* Products */;
			projectDirPath = "";
			projectRoot = "";
			targets = (
				9E468F0C1B298D87004E6366 /* TableViewTest */,
				9E468F211B298D87004E6366 /* TableViewTestTests */,
			);
		};
/* End PBXProject section */

/* Begin PBXResourcesBuildPhase section */
		9E468F0B1B298D87004E6366 /* Resources */ = {
			isa = PBXResourcesBuildPhase;
			buildActionMask = 2147483647;
			files = (
				9E468F181B298D87004E6366 /* Main.storyboard in Resources */,
				9E468F1D1B298D87004E6366 /* LaunchScreen.xib in Resources */,
				9E468F1A1B298D87004E6366 /* Images.xcassets in Resources */,
			);
			runOnlyForDeploymentPostprocessing = 0;
		};
		9E468F201B298D87004E6366 /* Resources */ = {
			isa = PBXResourcesBuildPhase;
			buildActionMask = 2147483647;
			files = (
			);
			runOnlyForDeploymentPostprocessing = 0;
		};
/* End PBXResourcesBuildPhase section */

/* Begin PBXSourcesBuildPhase section */
		9E468F091B298D87004E6366 /* Sources */ = {
			isa = PBXSourcesBuildPhase;
			buildActionMask = 2147483647;
			files = (
				9E468F151B298D87004E6366 /* ViewController.swift in Sources */,
				9E468F131B298D87004E6366 /* AppDelegate.swift in Sources */,
			);
			runOnlyForDeploymentPostprocessing = 0;
		};
		9E468F1E1B298D87004E6366 /* Sources */ = {
			isa = PBXSourcesBuildPhase;
			buildActionMask = 2147483647;
			files = (
				9E468F291B298D87004E6366 /* TableViewTestTests.swift in Sources */,
			);
			runOnlyForDeploymentPostprocessing = 0;
		};
/* End PBXSourcesBuildPhase section */

/* Begin PBXTargetDependency section */
		9E468F241B298D87004E6366 /* PBXTargetDependency */ = {
			isa = PBXTargetDependency;
			target = 9E468F0C1B298D87004E6366 /* TableViewTest */;
			targetProxy = 9E468F231B298D87004E6366 /* PBXContainerItemProxy */;
		};
/* End PBXTargetDependency section */

/* Begin PBXVariantGroup section */
		9E468F161B298D87004E6366 /* Main.storyboard */ = {
			isa = PBXVariantGroup;
			children = (
				9E468F171B298D87004E6366 /* Base */,
			);
			name = Main.storyboard;
			sourceTree = "<group>";
		};
		9E468F1B1B298D87004E6366 /* LaunchScreen.xib */ = {
			isa = PBXVariantGroup;
			children = (
				9E468F1C1B298D87004E6366 /* Base */,
			);
			name = LaunchScreen.xib;
			sourceTree = "<group>";
		};
/* End PBXVariantGroup section */

/* Begin XCBuildConfiguration section */
		9E468F2A1B298D87004E6366 /* Debug */ = {
			isa = XCBuildConfiguration;
			buildSettings = {
				ALWAYS_SEARCH_USER_PATHS = NO;
				CLANG_CXX_LANGUAGE_STANDARD = "gnu++0x";
				CLANG_CXX_LIBRARY = "libc++";
				CLANG_ENABLE_MODULES = YES;
				CLANG_ENABLE_OBJC_ARC = YES;
				CLANG_WARN_BOOL_CONVERSION = YES;
				CLANG_WARN_CONSTANT_CONVERSION = YES;
				CLANG_WARN_DIRECT_OBJC_ISA_USAGE = YES_ERROR;
				CLANG_WARN_EMPTY_BODY = YES;
				CLANG_WARN_ENUM_CONVERSION = YES;
				CLANG_WARN_INT_CONVERSION = YES;
				CLANG_WARN_OBJC_ROOT_CLASS = YES_ERROR;
				CLANG_WARN_UNREACHABLE_CODE = YES;
				CLANG_WARN__DUPLICATE_METHOD_MATCH = YES;
				"CODE_SIGN_IDENTITY[sdk=iphoneos*]" = "iPhone Developer";
				COPY_PHASE_STRIP = NO;
				DEBUG_INFORMATION_FORMAT = "dwarf-with-dsym";
				ENABLE_STRICT_OBJC_MSGSEND = YES;
				GCC_C_LANGUAGE_STANDARD = gnu99;
				GCC_DYNAMIC_NO_PIC = NO;
				GCC_NO_COMMON_BLOCKS = YES;
				GCC_OPTIMIZATION_LEVEL = 0;
				GCC_PREPROCESSOR_DEFINITIONS = (
					"DEBUG=1",
					"$(inherited)",
				);
				GCC_SYMBOLS_PRIVATE_EXTERN = NO;
				GCC_WARN_64_TO_32_BIT_CONVERSION = YES;
				GCC_WARN_ABOUT_RETURN_TYPE = YES_ERROR;
				GCC_WARN_UNDECLARED_SELECTOR = YES;
				GCC_WARN_UNINITIALIZED_AUTOS = YES_AGGRESSIVE;
				GCC_WARN_UNUSED_FUNCTION = YES;
				GCC_WARN_UNUSED_VARIABLE = YES;
				IPHONEOS_DEPLOYMENT_TARGET = 8.3;
				MTL_ENABLE_DEBUG_INFO = YES;
				ONLY_ACTIVE_ARCH = YES;
				SDKROOT = iphoneos;
				SWIFT_OPTIMIZATION_LEVEL = "-Onone";
				TARGETED_DEVICE_FAMILY = "1,2";
			};
			name = Debug;
		};
		9E468F2B1B298D87004E6366 /* Release */ = {
			isa = XCBuildConfiguration;
			buildSettings = {
				ALWAYS_SEARCH_USER_PATHS = NO;
				CLANG_CXX_LANGUAGE_STANDARD = "gnu++0x";
				CLANG_CXX_LIBRARY = "libc++";
				CLANG_ENABLE_MODULES = YES;
				CLANG_ENABLE_OBJC_ARC = YES;
				CLANG_WARN_BOOL_CONVERSION = YES;
				CLANG_WARN_CONSTANT_CONVERSION = YES;
				CLANG_WARN_DIRECT_OBJC_ISA_USAGE = YES_ERROR;
				CLANG_WARN_EMPTY_BODY = YES;
				CLANG_WARN_ENUM_CONVERSION = YES;
				CLANG_WARN_INT_CONVERSION = YES;
				CLANG_WARN_OBJC_ROOT_CLASS = YES_ERROR;
				CLANG_WARN_UNREACHABLE_CODE = YES;
				CLANG_WARN__DUPLICATE_METHOD_MATCH = YES;
				"CODE_SIGN_IDENTITY[sdk=iphoneos*]" = "iPhone Developer";
				COPY_PHASE_STRIP = NO;
				DEBUG_INFORMATION_FORMAT = "dwarf-with-dsym";
				ENABLE_NS_ASSERTIONS = NO;
				ENABLE_STRICT_OBJC_MSGSEND = YES;
				GCC_C_LANGUAGE_STANDARD = gnu99;
				GCC_NO_COMMON_BLOCKS = YES;
				GCC_WARN_64_TO_32_BIT_CONVERSION = YES;
				GCC_WARN_ABOUT_RETURN_TYPE = YES_ERROR;
				GCC_WARN_UNDECLARED_SELECTOR = YES;
				GCC_WARN_UNINITIALIZED_AUTOS = YES_AGGRESSIVE;
				GCC_WARN_UNUSED_FUNCTION = YES;
				GCC_WARN_UNUSED_VARIABLE = YES;
				IPHONEOS_DEPLOYMENT_TARGET = 8.3;
				MTL_ENABLE_DEBUG_INFO = NO;
				SDKROOT = iphoneos;
				TARGETED_DEVICE_FAMILY = "1,2";
				VALIDATE_PRODUCT = YES;
			};
			name = Release;
		};
		9E468F2D1B298D87004E6366 /* Debug */ = {
			isa = XCBuildConfiguration;
			buildSettings = {
				ASSETCATALOG_COMPILER_APPICON_NAME = AppIcon;
				INFOPLIST_FILE = TableViewTest/Info.plist;
				LD_RUNPATH_SEARCH_PATHS = "$(inherited) @executable_path/Frameworks";
				PRODUCT_NAME = "$(TARGET_NAME)";
			};
			name = Debug;
		};
		9E468F2E1B298D87004E6366 /* Release */ = {
			isa = XCBuildConfiguration;
			buildSettings = {
				ASSETCATALOG_COMPILER_APPICON_NAME = AppIcon;
				INFOPLIST_FILE = TableViewTest/Info.plist;
				LD_RUNPATH_SEARCH_PATHS = "$(inherited) @executable_path/Frameworks";
				PRODUCT_NAME = "$(TARGET_NAME)";
			};
			name = Release;
		};
		9E468F301B298D87004E6366 /* Debug */ = {
			isa = XCBuildConfiguration;
			buildSettings = {
				BUNDLE_LOADER = "$(TEST_HOST)";
				FRAMEWORK_SEARCH_PATHS = (
					"$(SDKROOT)/Developer/Library/Frameworks",
					"$(inherited)",
				);
				GCC_PREPROCESSOR_DEFINITIONS = (
					"DEBUG=1",
					"$(inherited)",
				);
				INFOPLIST_FILE = TableViewTestTests/Info.plist;
				LD_RUNPATH_SEARCH_PATHS = "$(inherited) @executable_path/Frameworks @loader_path/Frameworks";
				PRODUCT_NAME = "$(TARGET_NAME)";
				TEST_HOST = "$(BUILT_PRODUCTS_DIR)/TableViewTest.app/TableViewTest";
			};
			name = Debug;
		};
		9E468F311B298D87004E6366 /* Release */ = {
			isa = XCBuildConfiguration;
			buildSettings = {
				BUNDLE_LOADER = "$(TEST_HOST)";
				FRAMEWORK_SEARCH_PATHS = (
					"$(SDKROOT)/Developer/Library/Frameworks",
					"$(inherited)",
				);
				INFOPLIST_FILE = TableViewTestTests/Info.plist;
				LD_RUNPATH_SEARCH_PATHS = "$(inherited) @executable_path/Frameworks @loader_path/Frameworks";
				PRODUCT_NAME = "$(TARGET_NAME)";
				TEST_HOST = "$(BUILT_PRODUCTS_DIR)/TableViewTest.app/TableViewTest";
			};
			name = Release;
		};
/* End XCBuildConfiguration section */

/* Begin XCConfigurationList section */
		9E468F081B298D87004E6366 /* Build configuration list for PBXProject "TableViewTest" */ = {
			isa = XCConfigurationList;
			buildConfigurations = (
				9E468F2A1B298D87004E6366 /* Debug */,
				9E468F2B1B298D87004E6366 /* Release */,
			);
			defaultConfigurationIsVisible = 0;
			defaultConfigurationName = Release;
		};
		9E468F2C1B298D87004E6366 /* Build configuration list for PBXNativeTarget "TableViewTest" */ = {
			isa = XCConfigurationList;
			buildConfigurations = (
				9E468F2D1B298D87004E6366 /* Debug */,
				9E468F2E1B298D87004E6366 /* Release */,
			);
			defaultConfigurationIsVisible = 0;
		};
		9E468F2F1B298D87004E6366 /* Build configuration list for PBXNativeTarget "TableViewTestTests" */ = {
			isa = XCConfigurationList;
			buildConfigurations = (
				9E468F301B298D87004E6366 /* Debug */,
				9E468F311B298D87004E6366 /* Release */,
			);
			defaultConfigurationIsVisible = 0;
		};
/* End XCConfigurationList section */
	};
	rootObject = 9E468F051B298D87004E6366 /* Project object */;
}
